
Microsoft Visual Studio Solution File, Format Version 12.00
# Visual Studio Version 17
VisualStudioVersion = 17.14.36202.13 d17.14
MinimumVisualStudioVersion = 10.0.40219.1
Project("{54A90642-561A-4BB1-A94E-469ADEE60C69}") = "portfolio-react", "PortFolio-React\portfolio-react.esproj", "{38CE7666-F9E4-F249-CBE1-9026F94EEC8F}"
EndProject
Global
	GlobalSection(SolutionConfigurationPlatforms) = preSolution
		Debug|Any CPU = Debug|Any CPU
		Release|Any CPU = Release|Any CPU
	EndGlobalSection
	GlobalSection(ProjectConfigurationPlatforms) = postSolution
		{38CE7666-F9E4-F249-CBE1-9026F94EEC8F}.Debug|Any CPU.ActiveCfg = Debug|Any CPU
		{38CE7666-F9E4-F249-CBE1-9026F94EEC8F}.Debug|Any CPU.Build.0 = Debug|Any CPU
		{38CE7666-F9E4-F249-CBE1-9026F94EEC8F}.Debug|Any CPU.Deploy.0 = Debug|Any CPU
		{38CE7666-F9E4-F249-CBE1-9026F94EEC8F}.Release|Any CPU.ActiveCfg = Release|Any CPU
		{38CE7666-F9E4-F249-CBE1-9026F94EEC8F}.Release|Any CPU.Build.0 = Release|Any CPU
		{38CE7666-F9E4-F249-CBE1-9026F94EEC8F}.Release|Any CPU.Deploy.0 = Release|Any CPU
	EndGlobalSection
	GlobalSection(SolutionProperties) = preSolution
		HideSolutionNode = FALSE
	EndGlobalSection
	GlobalSection(ExtensibilityGlobals) = postSolution
		SolutionGuid = {C93B4953-28F9-4596-B65A-9538417F534C}
	EndGlobalSection
EndGlobal
